
Microsoft Visual Studio Solution File, Format Version 12.00
# Visual Studio 15
VisualStudioVersion = 15.0.28010.2046
MinimumVisualStudioVersion = 10.0.40219.1
Project("{FAE04EC0-301F-11D3-BF4B-00C04F79EFBC}") = "WF_ConsultaCEP", "WF_ConsultaCEP\WF_ConsultaCEP.csproj", "{FBF09B21-BBED-41C0-8D57-A6EEDFD80DC0}"
EndProject
Global
	GlobalSection(SolutionConfigurationPlatforms) = preSolution
		Debug|Any CPU = Debug|Any CPU
		Release|Any CPU = Release|Any CPU
	EndGlobalSection
	GlobalSection(ProjectConfigurationPlatforms) = postSolution
		{FBF09B21-BBED-41C0-8D57-A6EEDFD80DC0}.Debug|Any CPU.ActiveCfg = Debug|Any CPU
		{FBF09B21-BBED-41C0-8D57-A6EEDFD80DC0}.Debug|Any CPU.Build.0 = Debug|Any CPU
		{FBF09B21-BBED-41C0-8D57-A6EEDFD80DC0}.Release|Any CPU.ActiveCfg = Release|Any CPU
		{FBF09B21-BBED-41C0-8D57-A6EEDFD80DC0}.Release|Any CPU.Build.0 = Release|Any CPU
	EndGlobalSection
	GlobalSection(SolutionProperties) = preSolution
		HideSolutionNode = FALSE
	EndGlobalSection
	GlobalSection(ExtensibilityGlobals) = postSolution
		SolutionGuid = {6ACE4452-1DC0-41F1-A7A3-536D861C618E}
	EndGlobalSection
EndGlobal
